
Microsoft Visual Studio Solution File, Format Version 12.00
# Visual Studio Version 16
VisualStudioVersion = 16.0.30907.101
MinimumVisualStudioVersion = 10.0.40219.1
Project("{FAE04EC0-301F-11D3-BF4B-00C04F79EFBC}") = "Lesson_03", "Lesson_03.csproj", "{5BC6431F-D225-4CE9-A93F-30928332B140}"
EndProject
Global
	GlobalSection(SolutionConfigurationPlatforms) = preSolution
		Debug|Any CPU = Debug|Any CPU
		Release|Any CPU = Release|Any CPU
	EndGlobalSection
	GlobalSection(ProjectConfigurationPlatforms) = postSolution
		{5BC6431F-D225-4CE9-A93F-30928332B140}.Debug|Any CPU.ActiveCfg = Debug|Any CPU
		{5BC6431F-D225-4CE9-A93F-30928332B140}.Debug|Any CPU.Build.0 = Debug|Any CPU
		{5BC6431F-D225-4CE9-A93F-30928332B140}.Release|Any CPU.ActiveCfg = Release|Any CPU
		{5BC6431F-D225-4CE9-A93F-30928332B140}.Release|Any CPU.Build.0 = Release|Any CPU
	EndGlobalSection
	GlobalSection(SolutionProperties) = preSolution
		HideSolutionNode = FALSE
	EndGlobalSection
	GlobalSection(ExtensibilityGlobals) = postSolution
		SolutionGuid = {374CAC72-CCDF-49AA-8ECF-E224FB9F8968}
	EndGlobalSection
EndGlobal
