
Microsoft Visual Studio Solution File, Format Version 12.00
# Visual Studio Version 16
VisualStudioVersion = 16.0.31005.135
MinimumVisualStudioVersion = 10.0.40219.1
Project("{9A19103F-16F7-4668-BE54-9A1E7A4F7556}") = "MainCore", "MainCore\MainCore.csproj", "{4F9088B6-8FE5-46F1-9E09-D570CA328ED0}"
EndProject
Project("{FAE04EC0-301F-11D3-BF4B-00C04F79EFBC}") = "Lesson-01", "Lesson-01\Lesson-01.csproj", "{800BFA08-9DB6-4D84-A747-23CB0CA1F993}"
EndProject
Global
	GlobalSection(SolutionConfigurationPlatforms) = preSolution
		Debug|Any CPU = Debug|Any CPU
		Release|Any CPU = Release|Any CPU
	EndGlobalSection
	GlobalSection(ProjectConfigurationPlatforms) = postSolution
		{4F9088B6-8FE5-46F1-9E09-D570CA328ED0}.Debug|Any CPU.ActiveCfg = Debug|Any CPU
		{4F9088B6-8FE5-46F1-9E09-D570CA328ED0}.Debug|Any CPU.Build.0 = Debug|Any CPU
		{4F9088B6-8FE5-46F1-9E09-D570CA328ED0}.Release|Any CPU.ActiveCfg = Release|Any CPU
		{4F9088B6-8FE5-46F1-9E09-D570CA328ED0}.Release|Any CPU.Build.0 = Release|Any CPU
		{800BFA08-9DB6-4D84-A747-23CB0CA1F993}.Debug|Any CPU.ActiveCfg = Debug|Any CPU
		{800BFA08-9DB6-4D84-A747-23CB0CA1F993}.Debug|Any CPU.Build.0 = Debug|Any CPU
		{800BFA08-9DB6-4D84-A747-23CB0CA1F993}.Release|Any CPU.ActiveCfg = Release|Any CPU
		{800BFA08-9DB6-4D84-A747-23CB0CA1F993}.Release|Any CPU.Build.0 = Release|Any CPU
	EndGlobalSection
	GlobalSection(SolutionProperties) = preSolution
		HideSolutionNode = FALSE
	EndGlobalSection
	GlobalSection(ExtensibilityGlobals) = postSolution
		SolutionGuid = {EFAFD9BD-5BEA-44D1-A1A7-A8FB5825831F}
	EndGlobalSection
EndGlobal
